
Microsoft Visual Studio Solution File, Format Version 12.00
# Visual Studio 14
VisualStudioVersion = 14.0.25420.1
MinimumVisualStudioVersion = 10.0.40219.1
Project("{FAE04EC0-301F-11D3-BF4B-00C04F79EFBC}") = "ListViewCell.Android", "ListViewCell\ListViewCell.Android\ListViewCell.Android.csproj", "{A39297D0-7880-44EE-82BB-8121429EA6D9}"
EndProject
Project("{FAE04EC0-301F-11D3-BF4B-00C04F79EFBC}") = "ListViewCell", "ListViewCell\ListViewCell\ListViewCell.csproj", "{83044E19-178D-4397-B98D-2F3167968724}"
EndProject
Project("{FAE04EC0-301F-11D3-BF4B-00C04F79EFBC}") = "ListViewCell.iOS", "ListViewCell\ListViewCell.iOS\ListViewCell.iOS.csproj", "{E9B72443-B10F-45AE-AD9B-A23FB857923B}"
EndProject
Global
	GlobalSection(SolutionConfigurationPlatforms) = preSolution
		Ad-Hoc|Any CPU = Ad-Hoc|Any CPU
		Ad-Hoc|iPhone = Ad-Hoc|iPhone
		Ad-Hoc|iPhoneSimulator = Ad-Hoc|iPhoneSimulator
		AppStore|Any CPU = AppStore|Any CPU
		AppStore|iPhone = AppStore|iPhone
		AppStore|iPhoneSimulator = AppStore|iPhoneSimulator
		Debug|Any CPU = Debug|Any CPU
		Debug|iPhone = Debug|iPhone
		Debug|iPhoneSimulator = Debug|iPhoneSimulator
		Release|Any CPU = Release|Any CPU
		Release|iPhone = Release|iPhone
		Release|iPhoneSimulator = Release|iPhoneSimulator
	EndGlobalSection
	GlobalSection(ProjectConfigurationPlatforms) = postSolution
		{A39297D0-7880-44EE-82BB-8121429EA6D9}.Ad-Hoc|Any CPU.ActiveCfg = Release|Any CPU
		{A39297D0-7880-44EE-82BB-8121429EA6D9}.Ad-Hoc|Any CPU.Build.0 = Release|Any CPU
		{A39297D0-7880-44EE-82BB-8121429EA6D9}.Ad-Hoc|Any CPU.Deploy.0 = Release|Any CPU
		{A39297D0-7880-44EE-82BB-8121429EA6D9}.Ad-Hoc|iPhone.ActiveCfg = Release|Any CPU
		{A39297D0-7880-44EE-82BB-8121429EA6D9}.Ad-Hoc|iPhone.Build.0 = Release|Any CPU
		{A39297D0-7880-44EE-82BB-8121429EA6D9}.Ad-Hoc|iPhone.Deploy.0 = Release|Any CPU
		{A39297D0-7880-44EE-82BB-8121429EA6D9}.Ad-Hoc|iPhoneSimulator.ActiveCfg = Release|Any CPU
		{A39297D0-7880-44EE-82BB-8121429EA6D9}.Ad-Hoc|iPhoneSimulator.Build.0 = Release|Any CPU
		{A39297D0-7880-44EE-82BB-8121429EA6D9}.Ad-Hoc|iPhoneSimulator.Deploy.0 = Release|Any CPU
		{A39297D0-7880-44EE-82BB-8121429EA6D9}.AppStore|Any CPU.ActiveCfg = Release|Any CPU
		{A39297D0-7880-44EE-82BB-8121429EA6D9}.AppStore|Any CPU.Build.0 = Release|Any CPU
		{A39297D0-7880-44EE-82BB-8121429EA6D9}.AppStore|Any CPU.Deploy.0 = Release|Any CPU
		{A39297D0-7880-44EE-82BB-8121429EA6D9}.AppStore|iPhone.ActiveCfg = Release|Any CPU
		{A39297D0-7880-44EE-82BB-8121429EA6D9}.AppStore|iPhone.Build.0 = Release|Any CPU
		{A39297D0-7880-44EE-82BB-8121429EA6D9}.AppStore|iPhone.Deploy.0 = Release|Any CPU
		{A39297D0-7880-44EE-82BB-8121429EA6D9}.AppStore|iPhoneSimulator.ActiveCfg = Release|Any CPU
		{A39297D0-7880-44EE-82BB-8121429EA6D9}.AppStore|iPhoneSimulator.Build.0 = Release|Any CPU
		{A39297D0-7880-44EE-82BB-8121429EA6D9}.AppStore|iPhoneSimulator.Deploy.0 = Release|Any CPU
		{A39297D0-7880-44EE-82BB-8121429EA6D9}.Debug|Any CPU.ActiveCfg = Debug|Any CPU
		{A39297D0-7880-44EE-82BB-8121429EA6D9}.Debug|Any CPU.Build.0 = Debug|Any CPU
		{A39297D0-7880-44EE-82BB-8121429EA6D9}.Debug|Any CPU.Deploy.0 = Debug|Any CPU
		{A39297D0-7880-44EE-82BB-8121429EA6D9}.Debug|iPhone.ActiveCfg = Debug|Any CPU
		{A39297D0-7880-44EE-82BB-8121429EA6D9}.Debug|iPhone.Build.0 = Debug|Any CPU
		{A39297D0-7880-44EE-82BB-8121429EA6D9}.Debug|iPhone.Deploy.0 = Debug|Any CPU
		{A39297D0-7880-44EE-82BB-8121429EA6D9}.Debug|iPhoneSimulator.ActiveCfg = Debug|Any CPU
		{A39297D0-7880-44EE-82BB-8121429EA6D9}.Debug|iPhoneSimulator.Build.0 = Debug|Any CPU
		{A39297D0-7880-44EE-82BB-8121429EA6D9}.Debug|iPhoneSimulator.Deploy.0 = Debug|Any CPU
		{A39297D0-7880-44EE-82BB-8121429EA6D9}.Release|Any CPU.ActiveCfg = Release|Any CPU
		{A39297D0-7880-44EE-82BB-8121429EA6D9}.Release|Any CPU.Build.0 = Release|Any CPU
		{A39297D0-7880-44EE-82BB-8121429EA6D9}.Release|Any CPU.Deploy.0 = Release|Any CPU
		{A39297D0-7880-44EE-82BB-8121429EA6D9}.Release|iPhone.ActiveCfg = Release|Any CPU
		{A39297D0-7880-44EE-82BB-8121429EA6D9}.Release|iPhone.Build.0 = Release|Any CPU
		{A39297D0-7880-44EE-82BB-8121429EA6D9}.Release|iPhone.Deploy.0 = Release|Any CPU
		{A39297D0-7880-44EE-82BB-8121429EA6D9}.Release|iPhoneSimulator.ActiveCfg = Release|Any CPU
		{A39297D0-7880-44EE-82BB-8121429EA6D9}.Release|iPhoneSimulator.Build.0 = Release|Any CPU
		{A39297D0-7880-44EE-82BB-8121429EA6D9}.Release|iPhoneSimulator.Deploy.0 = Release|Any CPU
		{83044E19-178D-4397-B98D-2F3167968724}.Ad-Hoc|Any CPU.ActiveCfg = Release|Any CPU
		{83044E19-178D-4397-B98D-2F3167968724}.Ad-Hoc|Any CPU.Build.0 = Release|Any CPU
		{83044E19-178D-4397-B98D-2F3167968724}.Ad-Hoc|iPhone.ActiveCfg = Release|Any CPU
		{83044E19-178D-4397-B98D-2F3167968724}.Ad-Hoc|iPhone.Build.0 = Release|Any CPU
		{83044E19-178D-4397-B98D-2F3167968724}.Ad-Hoc|iPhoneSimulator.ActiveCfg = Release|Any CPU
		{83044E19-178D-4397-B98D-2F3167968724}.Ad-Hoc|iPhoneSimulator.Build.0 = Release|Any CPU
		{83044E19-178D-4397-B98D-2F3167968724}.AppStore|Any CPU.ActiveCfg = Release|Any CPU
		{83044E19-178D-4397-B98D-2F3167968724}.AppStore|Any CPU.Build.0 = Release|Any CPU
		{83044E19-178D-4397-B98D-2F3167968724}.AppStore|iPhone.ActiveCfg = Release|Any CPU
		{83044E19-178D-4397-B98D-2F3167968724}.AppStore|iPhone.Build.0 = Release|Any CPU
		{83044E19-178D-4397-B98D-2F3167968724}.AppStore|iPhoneSimulator.ActiveCfg = Release|Any CPU
		{83044E19-178D-4397-B98D-2F3167968724}.AppStore|iPhoneSimulator.Build.0 = Release|Any CPU
		{83044E19-178D-4397-B98D-2F3167968724}.Debug|Any CPU.ActiveCfg = Debug|Any CPU
		{83044E19-178D-4397-B98D-2F3167968724}.Debug|Any CPU.Build.0 = Debug|Any CPU
		{83044E19-178D-4397-B98D-2F3167968724}.Debug|iPhone.ActiveCfg = Debug|Any CPU
		{83044E19-178D-4397-B98D-2F3167968724}.Debug|iPhone.Build.0 = Debug|Any CPU
		{83044E19-178D-4397-B98D-2F3167968724}.Debug|iPhoneSimulator.ActiveCfg = Debug|Any CPU
		{83044E19-178D-4397-B98D-2F3167968724}.Debug|iPhoneSimulator.Build.0 = Debug|Any CPU
		{83044E19-178D-4397-B98D-2F3167968724}.Release|Any CPU.ActiveCfg = Release|Any CPU
		{83044E19-178D-4397-B98D-2F3167968724}.Release|Any CPU.Build.0 = Release|Any CPU
		{83044E19-178D-4397-B98D-2F3167968724}.Release|iPhone.ActiveCfg = Release|Any CPU
		{83044E19-178D-4397-B98D-2F3167968724}.Release|iPhone.Build.0 = Release|Any CPU
		{83044E19-178D-4397-B98D-2F3167968724}.Release|iPhoneSimulator.ActiveCfg = Release|Any CPU
		{83044E19-178D-4397-B98D-2F3167968724}.Release|iPhoneSimulator.Build.0 = Release|Any CPU
		{E9B72443-B10F-45AE-AD9B-A23FB857923B}.Ad-Hoc|Any CPU.ActiveCfg = Ad-Hoc|iPhone
		{E9B72443-B10F-45AE-AD9B-A23FB857923B}.Ad-Hoc|iPhone.ActiveCfg = Ad-Hoc|iPhone
		{E9B72443-B10F-45AE-AD9B-A23FB857923B}.Ad-Hoc|iPhone.Build.0 = Ad-Hoc|iPhone
		{E9B72443-B10F-45AE-AD9B-A23FB857923B}.Ad-Hoc|iPhoneSimulator.ActiveCfg = Ad-Hoc|iPhoneSimulator
		{E9B72443-B10F-45AE-AD9B-A23FB857923B}.Ad-Hoc|iPhoneSimulator.Build.0 = Ad-Hoc|iPhoneSimulator
		{E9B72443-B10F-45AE-AD9B-A23FB857923B}.AppStore|Any CPU.ActiveCfg = AppStore|iPhone
		{E9B72443-B10F-45AE-AD9B-A23FB857923B}.AppStore|iPhone.ActiveCfg = AppStore|iPhone
		{E9B72443-B10F-45AE-AD9B-A23FB857923B}.AppStore|iPhone.Build.0 = AppStore|iPhone
		{E9B72443-B10F-45AE-AD9B-A23FB857923B}.AppStore|iPhoneSimulator.ActiveCfg = AppStore|iPhoneSimulator
		{E9B72443-B10F-45AE-AD9B-A23FB857923B}.AppStore|iPhoneSimulator.Build.0 = AppStore|iPhoneSimulator
		{E9B72443-B10F-45AE-AD9B-A23FB857923B}.Debug|Any CPU.ActiveCfg = Debug|iPhone
		{E9B72443-B10F-45AE-AD9B-A23FB857923B}.Debug|iPhone.ActiveCfg = Debug|iPhone
		{E9B72443-B10F-45AE-AD9B-A23FB857923B}.Debug|iPhone.Build.0 = Debug|iPhone
		{E9B72443-B10F-45AE-AD9B-A23FB857923B}.Debug|iPhoneSimulator.ActiveCfg = Debug|iPhoneSimulator
		{E9B72443-B10F-45AE-AD9B-A23FB857923B}.Debug|iPhoneSimulator.Build.0 = Debug|iPhoneSimulator
		{E9B72443-B10F-45AE-AD9B-A23FB857923B}.Release|Any CPU.ActiveCfg = Release|iPhone
		{E9B72443-B10F-45AE-AD9B-A23FB857923B}.Release|iPhone.ActiveCfg = Release|iPhone
		{E9B72443-B10F-45AE-AD9B-A23FB857923B}.Release|iPhone.Build.0 = Release|iPhone
		{E9B72443-B10F-45AE-AD9B-A23FB857923B}.Release|iPhoneSimulator.ActiveCfg = Release|iPhoneSimulator
		{E9B72443-B10F-45AE-AD9B-A23FB857923B}.Release|iPhoneSimulator.Build.0 = Release|iPhoneSimulator
	EndGlobalSection
	GlobalSection(SolutionProperties) = preSolution
		HideSolutionNode = FALSE
	EndGlobalSection
EndGlobal
